// !$*UTF8*$!
{
	archiveVersion = 1;
	classes = {
	};
	objectVersion = 56;
	objects = {

/* Begin PBXBuildFile section */
		48C61E88DBBB3455DB4A3D86 /* Pods_MacDonaldsMenu.framework in Frameworks */ = {isa = PBXBuildFile; fileRef = 1F5623112990EE73C680AB65 /* Pods_MacDonaldsMenu.framework */; };
		D36CEC3929451BD600CE26BB /* AppDelegate.swift in Sources */ = {isa = PBXBuildFile; fileRef = D36CEC3829451BD600CE26BB /* AppDelegate.swift */; };
		D36CEC3B29451BD600CE26BB /* SceneDelegate.swift in Sources */ = {isa = PBXBuildFile; fileRef = D36CEC3A29451BD600CE26BB /* SceneDelegate.swift */; };
		D36CEC3D29451BD600CE26BB /* ViewController.swift in Sources */ = {isa = PBXBuildFile; fileRef = D36CEC3C29451BD600CE26BB /* ViewController.swift */; };
		D36CEC4229451BD800CE26BB /* Assets.xcassets in Resources */ = {isa = PBXBuildFile; fileRef = D36CEC4129451BD800CE26BB /* Assets.xcassets */; };
		D36CEC4529451BD800CE26BB /* LaunchScreen.storyboard in Resources */ = {isa = PBXBuildFile; fileRef = D36CEC4329451BD800CE26BB /* LaunchScreen.storyboard */; };
		D36CEC5029451BD800CE26BB /* MacDonaldsMenuTests.swift in Sources */ = {isa = PBXBuildFile; fileRef = D36CEC4F29451BD800CE26BB /* MacDonaldsMenuTests.swift */; };
		F9E1241F4E9055808D4028C7 /* Pods_MacDonaldsMenuTests.framework in Frameworks */ = {isa = PBXBuildFile; fileRef = 45D26EA47473A095E3BA88F5 /* Pods_MacDonaldsMenuTests.framework */; };
/* End PBXBuildFile section */

/* Begin PBXContainerItemProxy section */
		D36CEC4C29451BD800CE26BB /* PBXContainerItemProxy */ = {
			isa = PBXContainerItemProxy;
			containerPortal = D36CEC2D29451BD500CE26BB /* Project object */;
			proxyType = 1;
			remoteGlobalIDString = D36CEC3429451BD500CE26BB;
			remoteInfo = MacDonaldsMenu;
		};
/* End PBXContainerItemProxy section */

/* Begin PBXFileReference section */
		1F5623112990EE73C680AB65 /* Pods_MacDonaldsMenu.framework */ = {isa = PBXFileReference; explicitFileType = wrapper.framework; includeInIndex = 0; path = Pods_MacDonaldsMenu.framework; sourceTree = BUILT_PRODUCTS_DIR; };
		2D4FB82375870B971BB2A81B /* Pods-MacDonaldsMenu.release.xcconfig */ = {isa = PBXFileReference; includeInIndex = 1; lastKnownFileType = text.xcconfig; name = "Pods-MacDonaldsMenu.release.xcconfig"; path = "Target Support Files/Pods-MacDonaldsMenu/Pods-MacDonaldsMenu.release.xcconfig"; sourceTree = "<group>"; };
		45D26EA47473A095E3BA88F5 /* Pods_MacDonaldsMenuTests.framework */ = {isa = PBXFileReference; explicitFileType = wrapper.framework; includeInIndex = 0; path = Pods_MacDonaldsMenuTests.framework; sourceTree = BUILT_PRODUCTS_DIR; };
		65AA34347FD280A4537C6804 /* Pods-MacDonaldsMenu.debug.xcconfig */ = {isa = PBXFileReference; includeInIndex = 1; lastKnownFileType = text.xcconfig; name = "Pods-MacDonaldsMenu.debug.xcconfig"; path = "Target Support Files/Pods-MacDonaldsMenu/Pods-MacDonaldsMenu.debug.xcconfig"; sourceTree = "<group>"; };
		87A18B8709847C28518B7AA2 /* Pods-MacDonaldsMenuTests.debug.xcconfig */ = {isa = PBXFileReference; includeInIndex = 1; lastKnownFileType = text.xcconfig; name = "Pods-MacDonaldsMenuTests.debug.xcconfig"; path = "Target Support Files/Pods-MacDonaldsMenuTests/Pods-MacDonaldsMenuTests.debug.xcconfig"; sourceTree = "<group>"; };
		9C8E5CFF7E19DB82D20511F3 /* Pods-MacDonaldsMenuTests.release.xcconfig */ = {isa = PBXFileReference; includeInIndex = 1; lastKnownFileType = text.xcconfig; name = "Pods-MacDonaldsMenuTests.release.xcconfig"; path = "Target Support Files/Pods-MacDonaldsMenuTests/Pods-MacDonaldsMenuTests.release.xcconfig"; sourceTree = "<group>"; };
		D36CEC3529451BD600CE26BB /* MacDonaldsMenu.app */ = {isa = PBXFileReference; explicitFileType = wrapper.application; includeInIndex = 0; path = MacDonaldsMenu.app; sourceTree = BUILT_PRODUCTS_DIR; };
		D36CEC3829451BD600CE26BB /* AppDelegate.swift */ = {isa = PBXFileReference; lastKnownFileType = sourcecode.swift; path = AppDelegate.swift; sourceTree = "<group>"; };
		D36CEC3A29451BD600CE26BB /* SceneDelegate.swift */ = {isa = PBXFileReference; lastKnownFileType = sourcecode.swift; path = SceneDelegate.swift; sourceTree = "<group>"; };
		D36CEC3C29451BD600CE26BB /* ViewController.swift */ = {isa = PBXFileReference; lastKnownFileType = sourcecode.swift; path = ViewController.swift; sourceTree = "<group>"; };
		D36CEC4129451BD800CE26BB /* Assets.xcassets */ = {isa = PBXFileReference; lastKnownFileType = folder.assetcatalog; path = Assets.xcassets; sourceTree = "<group>"; };
		D36CEC4429451BD800CE26BB /* Base */ = {isa = PBXFileReference; lastKnownFileType = file.storyboard; name = Base; path = Base.lproj/LaunchScreen.storyboard; sourceTree = "<group>"; };
		D36CEC4629451BD800CE26BB /* Info.plist */ = {isa = PBXFileReference; lastKnownFileType = text.plist.xml; path = Info.plist; sourceTree = "<group>"; };
		D36CEC4B29451BD800CE26BB /* MacDonaldsMenuTests.xctest */ = {isa = PBXFileReference; explicitFileType = wrapper.cfbundle; includeInIndex = 0; path = MacDonaldsMenuTests.xctest; sourceTree = BUILT_PRODUCTS_DIR; };
		D36CEC4F29451BD800CE26BB /* MacDonaldsMenuTests.swift */ = {isa = PBXFileReference; lastKnownFileType = sourcecode.swift; path = MacDonaldsMenuTests.swift; sourceTree = "<group>"; };
/* End PBXFileReference section */

/* Begin PBXFrameworksBuildPhase section */
		D36CEC3229451BD500CE26BB /* Frameworks */ = {
			isa = PBXFrameworksBuildPhase;
			buildActionMask = 2147483647;
			files = (
				48C61E88DBBB3455DB4A3D86 /* Pods_MacDonaldsMenu.framework in Frameworks */,
			);
			runOnlyForDeploymentPostprocessing = 0;
		};
		D36CEC4829451BD800CE26BB /* Frameworks */ = {
			isa = PBXFrameworksBuildPhase;
			buildActionMask = 2147483647;
			files = (
				F9E1241F4E9055808D4028C7 /* Pods_MacDonaldsMenuTests.framework in Frameworks */,
			);
			runOnlyForDeploymentPostprocessing = 0;
		};
/* End PBXFrameworksBuildPhase section */

/* Begin PBXGroup section */
		B1F50EDC9C7B7FBE2EAB95FE /* Frameworks */ = {
			isa = PBXGroup;
			children = (
				1F5623112990EE73C680AB65 /* Pods_MacDonaldsMenu.framework */,
				45D26EA47473A095E3BA88F5 /* Pods_MacDonaldsMenuTests.framework */,
			);
			name = Frameworks;
			sourceTree = "<group>";
		};
		CC58257E536C4A045B7A7DB1 /* Pods */ = {
			isa = PBXGroup;
			children = (
				65AA34347FD280A4537C6804 /* Pods-MacDonaldsMenu.debug.xcconfig */,
				2D4FB82375870B971BB2A81B /* Pods-MacDonaldsMenu.release.xcconfig */,
				87A18B8709847C28518B7AA2 /* Pods-MacDonaldsMenuTests.debug.xcconfig */,
				9C8E5CFF7E19DB82D20511F3 /* Pods-MacDonaldsMenuTests.release.xcconfig */,
			);
			path = Pods;
			sourceTree = "<group>";
		};
		D36CEC2C29451BD500CE26BB = {
			isa = PBXGroup;
			children = (
				D36CEC3729451BD600CE26BB /* MacDonaldsMenu */,
				D36CEC4E29451BD800CE26BB /* MacDonaldsMenuTests */,
				D36CEC3629451BD600CE26BB /* Products */,
				CC58257E536C4A045B7A7DB1 /* Pods */,
				B1F50EDC9C7B7FBE2EAB95FE /* Frameworks */,
			);
			sourceTree = "<group>";
		};
		D36CEC3629451BD600CE26BB /* Products */ = {
			isa = PBXGroup;
			children = (
				D36CEC3529451BD600CE26BB /* MacDonaldsMenu.app */,
				D36CEC4B29451BD800CE26BB /* MacDonaldsMenuTests.xctest */,
			);
			name = Products;
			sourceTree = "<group>";
		};
		D36CEC3729451BD600CE26BB /* MacDonaldsMenu */ = {
			isa = PBXGroup;
			children = (
				D36CEC3829451BD600CE26BB /* AppDelegate.swift */,
				D36CEC3A29451BD600CE26BB /* SceneDelegate.swift */,
				D36CEC3C29451BD600CE26BB /* ViewController.swift */,
				D36CEC4129451BD800CE26BB /* Assets.xcassets */,
				D36CEC4329451BD800CE26BB /* LaunchScreen.storyboard */,
				D36CEC4629451BD800CE26BB /* Info.plist */,
			);
			path = MacDonaldsMenu;
			sourceTree = "<group>";
		};
		D36CEC4E29451BD800CE26BB /* MacDonaldsMenuTests */ = {
			isa = PBXGroup;
			children = (
				D36CEC4F29451BD800CE26BB /* MacDonaldsMenuTests.swift */,
			);
			path = MacDonaldsMenuTests;
			sourceTree = "<group>";
		};
/* End PBXGroup section */

/* Begin PBXNativeTarget section */
		D36CEC3429451BD500CE26BB /* MacDonaldsMenu */ = {
			isa = PBXNativeTarget;
			buildConfigurationList = D36CEC5F29451BD800CE26BB /* Build configuration list for PBXNativeTarget "MacDonaldsMenu" */;
			buildPhases = (
				863890803369E7AD7C5A0B5F /* [CP] Check Pods Manifest.lock */,
				D36CEC3129451BD500CE26BB /* Sources */,
				D36CEC3229451BD500CE26BB /* Frameworks */,
				D36CEC3329451BD500CE26BB /* Resources */,
				D36CEC6829451E2300CE26BB /* SwiftLint */,
			);
			buildRules = (
			);
			dependencies = (
			);
			name = MacDonaldsMenu;
			productName = MacDonaldsMenu;
			productReference = D36CEC3529451BD600CE26BB /* MacDonaldsMenu.app */;
			productType = "com.apple.product-type.application";
		};
		D36CEC4A29451BD800CE26BB /* MacDonaldsMenuTests */ = {
			isa = PBXNativeTarget;
			buildConfigurationList = D36CEC6229451BD800CE26BB /* Build configuration list for PBXNativeTarget "MacDonaldsMenuTests" */;
			buildPhases = (
				E2DBB9D629DD8B6FE7AF9DA6 /* [CP] Check Pods Manifest.lock */,
				D36CEC4729451BD800CE26BB /* Sources */,
				D36CEC4829451BD800CE26BB /* Frameworks */,
				D36CEC4929451BD800CE26BB /* Resources */,
			);
			buildRules = (
			);
			dependencies = (
				D36CEC4D29451BD800CE26BB /* PBXTargetDependency */,
			);
			name = MacDonaldsMenuTests;
			productName = MacDonaldsMenuTests;
			productReference = D36CEC4B29451BD800CE26BB /* MacDonaldsMenuTests.xctest */;
			productType = "com.apple.product-type.bundle.unit-test";
		};
/* End PBXNativeTarget section */

/* Begin PBXProject section */
		D36CEC2D29451BD500CE26BB /* Project object */ = {
			isa = PBXProject;
			attributes = {
				BuildIndependentTargetsInParallel = 1;
				LastSwiftUpdateCheck = 1410;
				LastUpgradeCheck = 1410;
				TargetAttributes = {
					D36CEC3429451BD500CE26BB = {
						CreatedOnToolsVersion = 14.1;
					};
					D36CEC4A29451BD800CE26BB = {
						CreatedOnToolsVersion = 14.1;
						TestTargetID = D36CEC3429451BD500CE26BB;
					};
				};
			};
			buildConfigurationList = D36CEC3029451BD500CE26BB /* Build configuration list for PBXProject "MacDonaldsMenu" */;
			compatibilityVersion = "Xcode 14.0";
			developmentRegion = en;
			hasScannedForEncodings = 0;
			knownRegions = (
				en,
				Base,
			);
			mainGroup = D36CEC2C29451BD500CE26BB;
			productRefGroup = D36CEC3629451BD600CE26BB /* Products */;
			projectDirPath = "";
			projectRoot = "";
			targets = (
				D36CEC3429451BD500CE26BB /* MacDonaldsMenu */,
				D36CEC4A29451BD800CE26BB /* MacDonaldsMenuTests */,
			);
		};
/* End PBXProject section */

/* Begin PBXResourcesBuildPhase section */
		D36CEC3329451BD500CE26BB /* Resources */ = {
			isa = PBXResourcesBuildPhase;
			buildActionMask = 2147483647;
			files = (
				D36CEC4529451BD800CE26BB /* LaunchScreen.storyboard in Resources */,
				D36CEC4229451BD800CE26BB /* Assets.xcassets in Resources */,
			);
			runOnlyForDeploymentPostprocessing = 0;
		};
		D36CEC4929451BD800CE26BB /* Resources */ = {
			isa = PBXResourcesBuildPhase;
			buildActionMask = 2147483647;
			files = (
			);
			runOnlyForDeploymentPostprocessing = 0;
		};
/* End PBXResourcesBuildPhase section */

/* Begin PBXShellScriptBuildPhase section */
		863890803369E7AD7C5A0B5F /* [CP] Check Pods Manifest.lock */ = {
			isa = PBXShellScriptBuildPhase;
			buildActionMask = 2147483647;
			files = (
			);
			inputFileListPaths = (
			);
			inputPaths = (
				"${PODS_PODFILE_DIR_PATH}/Podfile.lock",
				"${PODS_ROOT}/Manifest.lock",
			);
			name = "[CP] Check Pods Manifest.lock";
			outputFileListPaths = (
			);
			outputPaths = (
				"$(DERIVED_FILE_DIR)/Pods-MacDonaldsMenu-checkManifestLockResult.txt",
			);
			runOnlyForDeploymentPostprocessing = 0;
			shellPath = /bin/sh;
			shellScript = "diff \"${PODS_PODFILE_DIR_PATH}/Podfile.lock\" \"${PODS_ROOT}/Manifest.lock\" > /dev/null\nif [ $? != 0 ] ; then\n    # print error to STDERR\n    echo \"error: The sandbox is not in sync with the Podfile.lock. Run 'pod install' or update your CocoaPods installation.\" >&2\n    exit 1\nfi\n# This output is used by Xcode 'outputs' to avoid re-running this script phase.\necho \"SUCCESS\" > \"${SCRIPT_OUTPUT_FILE_0}\"\n";
			showEnvVarsInLog = 0;
		};
		D36CEC6829451E2300CE26BB /* SwiftLint */ = {
			isa = PBXShellScriptBuildPhase;
			alwaysOutOfDate = 1;
			buildActionMask = 2147483647;
			files = (
			);
			inputFileListPaths = (
			);
			inputPaths = (
			);
			name = SwiftLint;
			outputFileListPaths = (
			);
			outputPaths = (
			);
			runOnlyForDeploymentPostprocessing = 0;
			shellPath = /bin/sh;
			shellScript = "\"${PODS_ROOT}/SwiftLint/swiftlint\"\n";
		};
		E2DBB9D629DD8B6FE7AF9DA6 /* [CP] Check Pods Manifest.lock */ = {
			isa = PBXShellScriptBuildPhase;
			buildActionMask = 2147483647;
			files = (
			);
			inputFileListPaths = (
			);
			inputPaths = (
				"${PODS_PODFILE_DIR_PATH}/Podfile.lock",
				"${PODS_ROOT}/Manifest.lock",
			);
			name = "[CP] Check Pods Manifest.lock";
			outputFileListPaths = (
			);
			outputPaths = (
				"$(DERIVED_FILE_DIR)/Pods-MacDonaldsMenuTests-checkManifestLockResult.txt",
			);
			runOnlyForDeploymentPostprocessing = 0;
			shellPath = /bin/sh;
			shellScript = "diff \"${PODS_PODFILE_DIR_PATH}/Podfile.lock\" \"${PODS_ROOT}/Manifest.lock\" > /dev/null\nif [ $? != 0 ] ; then\n    # print error to STDERR\n    echo \"error: The sandbox is not in sync with the Podfile.lock. Run 'pod install' or update your CocoaPods installation.\" >&2\n    exit 1\nfi\n# This output is used by Xcode 'outputs' to avoid re-running this script phase.\necho \"SUCCESS\" > \"${SCRIPT_OUTPUT_FILE_0}\"\n";
			showEnvVarsInLog = 0;
		};
/* End PBXShellScriptBuildPhase section */

/* Begin PBXSourcesBuildPhase section */
		D36CEC3129451BD500CE26BB /* Sources */ = {
			isa = PBXSourcesBuildPhase;
			buildActionMask = 2147483647;
			files = (
				D36CEC3D29451BD600CE26BB /* ViewController.swift in Sources */,
				D36CEC3929451BD600CE26BB /* AppDelegate.swift in Sources */,
				D36CEC3B29451BD600CE26BB /* SceneDelegate.swift in Sources */,
			);
			runOnlyForDeploymentPostprocessing = 0;
		};
		D36CEC4729451BD800CE26BB /* Sources */ = {
			isa = PBXSourcesBuildPhase;
			buildActionMask = 2147483647;
			files = (
				D36CEC5029451BD800CE26BB /* MacDonaldsMenuTests.swift in Sources */,
			);
			runOnlyForDeploymentPostprocessing = 0;
		};
/* End PBXSourcesBuildPhase section */

/* Begin PBXTargetDependency section */
		D36CEC4D29451BD800CE26BB /* PBXTargetDependency */ = {
			isa = PBXTargetDependency;
			target = D36CEC3429451BD500CE26BB /* MacDonaldsMenu */;
			targetProxy = D36CEC4C29451BD800CE26BB /* PBXContainerItemProxy */;
		};
/* End PBXTargetDependency section */

/* Begin PBXVariantGroup section */
		D36CEC4329451BD800CE26BB /* LaunchScreen.storyboard */ = {
			isa = PBXVariantGroup;
			children = (
				D36CEC4429451BD800CE26BB /* Base */,
			);
			name = LaunchScreen.storyboard;
			sourceTree = "<group>";
		};
/* End PBXVariantGroup section */

/* Begin XCBuildConfiguration section */
		D36CEC5D29451BD800CE26BB /* Debug */ = {
			isa = XCBuildConfiguration;
			buildSettings = {
				ALWAYS_SEARCH_USER_PATHS = NO;
				CLANG_ANALYZER_NONNULL = YES;
				CLANG_ANALYZER_NUMBER_OBJECT_CONVERSION = YES_AGGRESSIVE;
				CLANG_CXX_LANGUAGE_STANDARD = "gnu++20";
				CLANG_ENABLE_MODULES = YES;
				CLANG_ENABLE_OBJC_ARC = YES;
				CLANG_ENABLE_OBJC_WEAK = YES;
				CLANG_WARN_BLOCK_CAPTURE_AUTORELEASING = YES;
				CLANG_WARN_BOOL_CONVERSION = YES;
				CLANG_WARN_COMMA = YES;
				CLANG_WARN_CONSTANT_CONVERSION = YES;
				CLANG_WARN_DEPRECATED_OBJC_IMPLEMENTATIONS = YES;
				CLANG_WARN_DIRECT_OBJC_ISA_USAGE = YES_ERROR;
				CLANG_WARN_DOCUMENTATION_COMMENTS = YES;
				CLANG_WARN_EMPTY_BODY = YES;
				CLANG_WARN_ENUM_CONVERSION = YES;
				CLANG_WARN_INFINITE_RECURSION = YES;
				CLANG_WARN_INT_CONVERSION = YES;
				CLANG_WARN_NON_LITERAL_NULL_CONVERSION = YES;
				CLANG_WARN_OBJC_IMPLICIT_RETAIN_SELF = YES;
				CLANG_WARN_OBJC_LITERAL_CONVERSION = YES;
				CLANG_WARN_OBJC_ROOT_CLASS = YES_ERROR;
				CLANG_WARN_QUOTED_INCLUDE_IN_FRAMEWORK_HEADER = YES;
				CLANG_WARN_RANGE_LOOP_ANALYSIS = YES;
				CLANG_WARN_STRICT_PROTOTYPES = YES;
				CLANG_WARN_SUSPICIOUS_MOVE = YES;
				CLANG_WARN_UNGUARDED_AVAILABILITY = YES_AGGRESSIVE;
				CLANG_WARN_UNREACHABLE_CODE = YES;
				CLANG_WARN__DUPLICATE_METHOD_MATCH = YES;
				COPY_PHASE_STRIP = NO;
				DEBUG_INFORMATION_FORMAT = dwarf;
				ENABLE_STRICT_OBJC_MSGSEND = YES;
				ENABLE_TESTABILITY = YES;
				GCC_C_LANGUAGE_STANDARD = gnu11;
				GCC_DYNAMIC_NO_PIC = NO;
				GCC_NO_COMMON_BLOCKS = YES;
				GCC_OPTIMIZATION_LEVEL = 0;
				GCC_PREPROCESSOR_DEFINITIONS = (
					"DEBUG=1",
					"$(inherited)",
				);
				GCC_WARN_64_TO_32_BIT_CONVERSION = YES;
				GCC_WARN_ABOUT_RETURN_TYPE = YES_ERROR;
				GCC_WARN_UNDECLARED_SELECTOR = YES;
				GCC_WARN_UNINITIALIZED_AUTOS = YES_AGGRESSIVE;
				GCC_WARN_UNUSED_FUNCTION = YES;
				GCC_WARN_UNUSED_VARIABLE = YES;
				IPHONEOS_DEPLOYMENT_TARGET = 16.1;
				MTL_ENABLE_DEBUG_INFO = INCLUDE_SOURCE;
				MTL_FAST_MATH = YES;
				ONLY_ACTIVE_ARCH = YES;
				SDKROOT = iphoneos;
				SWIFT_ACTIVE_COMPILATION_CONDITIONS = DEBUG;
				SWIFT_OPTIMIZATION_LEVEL = "-Onone";
			};
			name = Debug;
		};
		D36CEC5E29451BD800CE26BB /* Release */ = {
			isa = XCBuildConfiguration;
			buildSettings = {
				ALWAYS_SEARCH_USER_PATHS = NO;
				CLANG_ANALYZER_NONNULL = YES;
				CLANG_ANALYZER_NUMBER_OBJECT_CONVERSION = YES_AGGRESSIVE;
				CLANG_CXX_LANGUAGE_STANDARD = "gnu++20";
				CLANG_ENABLE_MODULES = YES;
				CLANG_ENABLE_OBJC_ARC = YES;
				CLANG_ENABLE_OBJC_WEAK = YES;
				CLANG_WARN_BLOCK_CAPTURE_AUTORELEASING = YES;
				CLANG_WARN_BOOL_CONVERSION = YES;
				CLANG_WARN_COMMA = YES;
				CLANG_WARN_CONSTANT_CONVERSION = YES;
				CLANG_WARN_DEPRECATED_OBJC_IMPLEMENTATIONS = YES;
				CLANG_WARN_DIRECT_OBJC_ISA_USAGE = YES_ERROR;
				CLANG_WARN_DOCUMENTATION_COMMENTS = YES;
				CLANG_WARN_EMPTY_BODY = YES;
				CLANG_WARN_ENUM_CONVERSION = YES;
				CLANG_WARN_INFINITE_RECURSION = YES;
				CLANG_WARN_INT_CONVERSION = YES;
				CLANG_WARN_NON_LITERAL_NULL_CONVERSION = YES;
				CLANG_WARN_OBJC_IMPLICIT_RETAIN_SELF = YES;
				CLANG_WARN_OBJC_LITERAL_CONVERSION = YES;
				CLANG_WARN_OBJC_ROOT_CLASS = YES_ERROR;
				CLANG_WARN_QUOTED_INCLUDE_IN_FRAMEWORK_HEADER = YES;
				CLANG_WARN_RANGE_LOOP_ANALYSIS = YES;
				CLANG_WARN_STRICT_PROTOTYPES = YES;
				CLANG_WARN_SUSPICIOUS_MOVE = YES;
				CLANG_WARN_UNGUARDED_AVAILABILITY = YES_AGGRESSIVE;
				CLANG_WARN_UNREACHABLE_CODE = YES;
				CLANG_WARN__DUPLICATE_METHOD_MATCH = YES;
				COPY_PHASE_STRIP = NO;
				DEBUG_INFORMATION_FORMAT = "dwarf-with-dsym";
				ENABLE_NS_ASSERTIONS = NO;
				ENABLE_STRICT_OBJC_MSGSEND = YES;
				GCC_C_LANGUAGE_STANDARD = gnu11;
				GCC_NO_COMMON_BLOCKS = YES;
				GCC_WARN_64_TO_32_BIT_CONVERSION = YES;
				GCC_WARN_ABOUT_RETURN_TYPE = YES_ERROR;
				GCC_WARN_UNDECLARED_SELECTOR = YES;
				GCC_WARN_UNINITIALIZED_AUTOS = YES_AGGRESSIVE;
				GCC_WARN_UNUSED_FUNCTION = YES;
				GCC_WARN_UNUSED_VARIABLE = YES;
				IPHONEOS_DEPLOYMENT_TARGET = 16.1;
				MTL_ENABLE_DEBUG_INFO = NO;
				MTL_FAST_MATH = YES;
				SDKROOT = iphoneos;
				SWIFT_COMPILATION_MODE = wholemodule;
				SWIFT_OPTIMIZATION_LEVEL = "-O";
				VALIDATE_PRODUCT = YES;
			};
			name = Release;
		};
		D36CEC6029451BD800CE26BB /* Debug */ = {
			isa = XCBuildConfiguration;
			baseConfigurationReference = 65AA34347FD280A4537C6804 /* Pods-MacDonaldsMenu.debug.xcconfig */;
			buildSettings = {
				ASSETCATALOG_COMPILER_APPICON_NAME = AppIcon;
				ASSETCATALOG_COMPILER_GLOBAL_ACCENT_COLOR_NAME = AccentColor;
				CODE_SIGN_STYLE = Automatic;
				CURRENT_PROJECT_VERSION = 1;
				GENERATE_INFOPLIST_FILE = YES;
				INFOPLIST_FILE = MacDonaldsMenu/Info.plist;
				INFOPLIST_KEY_UIApplicationSupportsIndirectInputEvents = YES;
				INFOPLIST_KEY_UILaunchStoryboardName = LaunchScreen;
				INFOPLIST_KEY_UISupportedInterfaceOrientations_iPad = "UIInterfaceOrientationPortrait UIInterfaceOrientationPortraitUpsideDown UIInterfaceOrientationLandscapeLeft UIInterfaceOrientationLandscapeRight";
				INFOPLIST_KEY_UISupportedInterfaceOrientations_iPhone = "UIInterfaceOrientationPortrait UIInterfaceOrientationLandscapeLeft UIInterfaceOrientationLandscapeRight";
				LD_RUNPATH_SEARCH_PATHS = (
					"$(inherited)",
					"@executable_path/Frameworks",
				);
				MARKETING_VERSION = 1.0;
				PRODUCT_BUNDLE_IDENTIFIER = br.com.sampaio.MacDonaldsMenu;
				PRODUCT_NAME = "$(TARGET_NAME)";
				SWIFT_EMIT_LOC_STRINGS = YES;
				SWIFT_VERSION = 5.0;
				TARGETED_DEVICE_FAMILY = "1,2";
			};
			name = Debug;
		};
		D36CEC6129451BD800CE26BB /* Release */ = {
			isa = XCBuildConfiguration;
			baseConfigurationReference = 2D4FB82375870B971BB2A81B /* Pods-MacDonaldsMenu.release.xcconfig */;
			buildSettings = {
				ASSETCATALOG_COMPILER_APPICON_NAME = AppIcon;
				ASSETCATALOG_COMPILER_GLOBAL_ACCENT_COLOR_NAME = AccentColor;
				CODE_SIGN_STYLE = Automatic;
				CURRENT_PROJECT_VERSION = 1;
				GENERATE_INFOPLIST_FILE = YES;
				INFOPLIST_FILE = MacDonaldsMenu/Info.plist;
				INFOPLIST_KEY_UIApplicationSupportsIndirectInputEvents = YES;
				INFOPLIST_KEY_UILaunchStoryboardName = LaunchScreen;
				INFOPLIST_KEY_UISupportedInterfaceOrientations_iPad = "UIInterfaceOrientationPortrait UIInterfaceOrientationPortraitUpsideDown UIInterfaceOrientationLandscapeLeft UIInterfaceOrientationLandscapeRight";
				INFOPLIST_KEY_UISupportedInterfaceOrientations_iPhone = "UIInterfaceOrientationPortrait UIInterfaceOrientationLandscapeLeft UIInterfaceOrientationLandscapeRight";
				LD_RUNPATH_SEARCH_PATHS = (
					"$(inherited)",
					"@executable_path/Frameworks",
				);
				MARKETING_VERSION = 1.0;
				PRODUCT_BUNDLE_IDENTIFIER = br.com.sampaio.MacDonaldsMenu;
				PRODUCT_NAME = "$(TARGET_NAME)";
				SWIFT_EMIT_LOC_STRINGS = YES;
				SWIFT_VERSION = 5.0;
				TARGETED_DEVICE_FAMILY = "1,2";
			};
			name = Release;
		};
		D36CEC6329451BD800CE26BB /* Debug */ = {
			isa = XCBuildConfiguration;
			baseConfigurationReference = 87A18B8709847C28518B7AA2 /* Pods-MacDonaldsMenuTests.debug.xcconfig */;
			buildSettings = {
				ALWAYS_EMBED_SWIFT_STANDARD_LIBRARIES = YES;
				BUNDLE_LOADER = "$(TEST_HOST)";
				CODE_SIGN_STYLE = Automatic;
				CURRENT_PROJECT_VERSION = 1;
				GENERATE_INFOPLIST_FILE = YES;
				IPHONEOS_DEPLOYMENT_TARGET = 16.1;
				MARKETING_VERSION = 1.0;
				PRODUCT_BUNDLE_IDENTIFIER = br.com.sampaio.MacDonaldsMenuTests;
				PRODUCT_NAME = "$(TARGET_NAME)";
				SWIFT_EMIT_LOC_STRINGS = NO;
				SWIFT_VERSION = 5.0;
				TARGETED_DEVICE_FAMILY = "1,2";
				TEST_HOST = "$(BUILT_PRODUCTS_DIR)/MacDonaldsMenu.app/$(BUNDLE_EXECUTABLE_FOLDER_PATH)/MacDonaldsMenu";
			};
			name = Debug;
		};
		D36CEC6429451BD800CE26BB /* Release */ = {
			isa = XCBuildConfiguration;
			baseConfigurationReference = 9C8E5CFF7E19DB82D20511F3 /* Pods-MacDonaldsMenuTests.release.xcconfig */;
			buildSettings = {
				ALWAYS_EMBED_SWIFT_STANDARD_LIBRARIES = YES;
				BUNDLE_LOADER = "$(TEST_HOST)";
				CODE_SIGN_STYLE = Automatic;
				CURRENT_PROJECT_VERSION = 1;
				GENERATE_INFOPLIST_FILE = YES;
				IPHONEOS_DEPLOYMENT_TARGET = 16.1;
				MARKETING_VERSION = 1.0;
				PRODUCT_BUNDLE_IDENTIFIER = br.com.sampaio.MacDonaldsMenuTests;
				PRODUCT_NAME = "$(TARGET_NAME)";
				SWIFT_EMIT_LOC_STRINGS = NO;
				SWIFT_VERSION = 5.0;
				TARGETED_DEVICE_FAMILY = "1,2";
				TEST_HOST = "$(BUILT_PRODUCTS_DIR)/MacDonaldsMenu.app/$(BUNDLE_EXECUTABLE_FOLDER_PATH)/MacDonaldsMenu";
			};
			name = Release;
		};
/* End XCBuildConfiguration section */

/* Begin XCConfigurationList section */
		D36CEC3029451BD500CE26BB /* Build configuration list for PBXProject "MacDonaldsMenu" */ = {
			isa = XCConfigurationList;
			buildConfigurations = (
				D36CEC5D29451BD800CE26BB /* Debug */,
				D36CEC5E29451BD800CE26BB /* Release */,
			);
			defaultConfigurationIsVisible = 0;
			defaultConfigurationName = Release;
		};
		D36CEC5F29451BD800CE26BB /* Build configuration list for PBXNativeTarget "MacDonaldsMenu" */ = {
			isa = XCConfigurationList;
			buildConfigurations = (
				D36CEC6029451BD800CE26BB /* Debug */,
				D36CEC6129451BD800CE26BB /* Release */,
			);
			defaultConfigurationIsVisible = 0;
			defaultConfigurationName = Release;
		};
		D36CEC6229451BD800CE26BB /* Build configuration list for PBXNativeTarget "MacDonaldsMenuTests" */ = {
			isa = XCConfigurationList;
			buildConfigurations = (
				D36CEC6329451BD800CE26BB /* Debug */,
				D36CEC6429451BD800CE26BB /* Release */,
			);
			defaultConfigurationIsVisible = 0;
			defaultConfigurationName = Release;
		};
/* End XCConfigurationList section */
	};
	rootObject = D36CEC2D29451BD500CE26BB /* Project object */;
}
